
Microsoft Visual Studio Solution File, Format Version 12.00
# Visual Studio 15
VisualStudioVersion = 15.0.27703.2047
MinimumVisualStudioVersion = 10.0.40219.1
Project("{FAE04EC0-301F-11D3-BF4B-00C04F79EFBC}") = "RegistroEjemplo", "RegistroEjemplo\RegistroEjemplo.csproj", "{611752EC-1C92-4162-B872-8165C2F7FF91}"
EndProject
Global
	GlobalSection(SolutionConfigurationPlatforms) = preSolution
		Debug|Any CPU = Debug|Any CPU
		Release|Any CPU = Release|Any CPU
	EndGlobalSection
	GlobalSection(ProjectConfigurationPlatforms) = postSolution
		{611752EC-1C92-4162-B872-8165C2F7FF91}.Debug|Any CPU.ActiveCfg = Debug|Any CPU
		{611752EC-1C92-4162-B872-8165C2F7FF91}.Debug|Any CPU.Build.0 = Debug|Any CPU
		{611752EC-1C92-4162-B872-8165C2F7FF91}.Release|Any CPU.ActiveCfg = Release|Any CPU
		{611752EC-1C92-4162-B872-8165C2F7FF91}.Release|Any CPU.Build.0 = Release|Any CPU
	EndGlobalSection
	GlobalSection(SolutionProperties) = preSolution
		HideSolutionNode = FALSE
	EndGlobalSection
	GlobalSection(ExtensibilityGlobals) = postSolution
		SolutionGuid = {419245C1-7088-4289-80B6-3E7EDDE32E30}
	EndGlobalSection
EndGlobal
